
Microsoft Visual Studio Solution File, Format Version 12.00
# Visual Studio Version 17
VisualStudioVersion = 17.11.35222.181
MinimumVisualStudioVersion = 10.0.40219.1
Project("{FAE04EC0-301F-11D3-BF4B-00C04F79EFBC}") = "SequenciaFibonacci", "SequenciaFibonacci\SequenciaFibonacci.csproj", "{B210136B-5026-4116-A8BF-211DDC967EA4}"
EndProject
Global
	GlobalSection(SolutionConfigurationPlatforms) = preSolution
		Debug|Any CPU = Debug|Any CPU
		Release|Any CPU = Release|Any CPU
	EndGlobalSection
	GlobalSection(ProjectConfigurationPlatforms) = postSolution
		{B210136B-5026-4116-A8BF-211DDC967EA4}.Debug|Any CPU.ActiveCfg = Debug|Any CPU
		{B210136B-5026-4116-A8BF-211DDC967EA4}.Debug|Any CPU.Build.0 = Debug|Any CPU
		{B210136B-5026-4116-A8BF-211DDC967EA4}.Release|Any CPU.ActiveCfg = Release|Any CPU
		{B210136B-5026-4116-A8BF-211DDC967EA4}.Release|Any CPU.Build.0 = Release|Any CPU
	EndGlobalSection
	GlobalSection(SolutionProperties) = preSolution
		HideSolutionNode = FALSE
	EndGlobalSection
	GlobalSection(ExtensibilityGlobals) = postSolution
		SolutionGuid = {87EF480B-E519-49A8-901C-9BFA490D4770}
	EndGlobalSection
EndGlobal
